
Microsoft Visual Studio Solution File, Format Version 12.00
# Visual Studio Version 17
VisualStudioVersion = 17.5.33627.172
MinimumVisualStudioVersion = 10.0.40219.1
Project("{2150E333-8FDC-42A3-9474-1A3956D46DE8}") = "Solution Items", "Solution Items", "{55F48EAE-0D43-4CE5-8376-2D616434D34D}"
	ProjectSection(SolutionItems) = preProject
		.editorconfig = .editorconfig
		LINKS.md = LINKS.md
		PATinyBHelp.md = PATinyBHelp.md
		README.md = README.md
		TIPS.md = TIPS.md
	EndProjectSection
EndProject
Project("{9A19103F-16F7-4668-BE54-9A1E7A4F7556}") = "DumbTerminal", "DumbTerminal\DumbTerminal.csproj", "{D3641B26-6E99-4910-88B9-5A7F836E398C}"
EndProject
Project("{9A19103F-16F7-4668-BE54-9A1E7A4F7556}") = "HBD8080A", "HBD8080A\HBD8080A.csproj", "{1D079D7F-9B1E-481F-8053-7350DBDEA40D}"
EndProject
Project("{9A19103F-16F7-4668-BE54-9A1E7A4F7556}") = "HBD8080A.Core", "HBD8080A.Core\HBD8080A.Core.csproj", "{CF20ADAB-0562-4C29-BA58-72B08052F637}"
EndProject
Project("{9A19103F-16F7-4668-BE54-9A1E7A4F7556}") = "GraphicsAdapter", "GraphicsAdapter\GraphicsAdapter.csproj", "{29DBF1B8-D4E1-4CF7-8B18-4E733D1BC768}"
EndProject
Global
	GlobalSection(SolutionConfigurationPlatforms) = preSolution
		Debug|Any CPU = Debug|Any CPU
		Debug|arm64 = Debug|arm64
		Debug|x64 = Debug|x64
		Debug|x86 = Debug|x86
		Release|Any CPU = Release|Any CPU
		Release|arm64 = Release|arm64
		Release|x64 = Release|x64
		Release|x86 = Release|x86
	EndGlobalSection
	GlobalSection(ProjectConfigurationPlatforms) = postSolution
		{D3641B26-6E99-4910-88B9-5A7F836E398C}.Debug|Any CPU.ActiveCfg = Debug|Any CPU
		{D3641B26-6E99-4910-88B9-5A7F836E398C}.Debug|Any CPU.Build.0 = Debug|Any CPU
		{D3641B26-6E99-4910-88B9-5A7F836E398C}.Debug|arm64.ActiveCfg = Debug|Any CPU
		{D3641B26-6E99-4910-88B9-5A7F836E398C}.Debug|arm64.Build.0 = Debug|Any CPU
		{D3641B26-6E99-4910-88B9-5A7F836E398C}.Debug|x64.ActiveCfg = Debug|Any CPU
		{D3641B26-6E99-4910-88B9-5A7F836E398C}.Debug|x64.Build.0 = Debug|Any CPU
		{D3641B26-6E99-4910-88B9-5A7F836E398C}.Debug|x86.ActiveCfg = Debug|Any CPU
		{D3641B26-6E99-4910-88B9-5A7F836E398C}.Debug|x86.Build.0 = Debug|Any CPU
		{D3641B26-6E99-4910-88B9-5A7F836E398C}.Release|Any CPU.ActiveCfg = Release|Any CPU
		{D3641B26-6E99-4910-88B9-5A7F836E398C}.Release|Any CPU.Build.0 = Release|Any CPU
		{D3641B26-6E99-4910-88B9-5A7F836E398C}.Release|arm64.ActiveCfg = Release|Any CPU
		{D3641B26-6E99-4910-88B9-5A7F836E398C}.Release|arm64.Build.0 = Release|Any CPU
		{D3641B26-6E99-4910-88B9-5A7F836E398C}.Release|x64.ActiveCfg = Release|Any CPU
		{D3641B26-6E99-4910-88B9-5A7F836E398C}.Release|x64.Build.0 = Release|Any CPU
		{D3641B26-6E99-4910-88B9-5A7F836E398C}.Release|x86.ActiveCfg = Release|Any CPU
		{D3641B26-6E99-4910-88B9-5A7F836E398C}.Release|x86.Build.0 = Release|Any CPU
		{1D079D7F-9B1E-481F-8053-7350DBDEA40D}.Debug|Any CPU.ActiveCfg = Debug|x64
		{1D079D7F-9B1E-481F-8053-7350DBDEA40D}.Debug|Any CPU.Build.0 = Debug|x64
		{1D079D7F-9B1E-481F-8053-7350DBDEA40D}.Debug|Any CPU.Deploy.0 = Debug|x64
		{1D079D7F-9B1E-481F-8053-7350DBDEA40D}.Debug|arm64.ActiveCfg = Debug|arm64
		{1D079D7F-9B1E-481F-8053-7350DBDEA40D}.Debug|arm64.Build.0 = Debug|arm64
		{1D079D7F-9B1E-481F-8053-7350DBDEA40D}.Debug|arm64.Deploy.0 = Debug|arm64
		{1D079D7F-9B1E-481F-8053-7350DBDEA40D}.Debug|x64.ActiveCfg = Debug|x64
		{1D079D7F-9B1E-481F-8053-7350DBDEA40D}.Debug|x64.Build.0 = Debug|x64
		{1D079D7F-9B1E-481F-8053-7350DBDEA40D}.Debug|x64.Deploy.0 = Debug|x64
		{1D079D7F-9B1E-481F-8053-7350DBDEA40D}.Debug|x86.ActiveCfg = Debug|x86
		{1D079D7F-9B1E-481F-8053-7350DBDEA40D}.Debug|x86.Build.0 = Debug|x86
		{1D079D7F-9B1E-481F-8053-7350DBDEA40D}.Debug|x86.Deploy.0 = Debug|x86
		{1D079D7F-9B1E-481F-8053-7350DBDEA40D}.Release|Any CPU.ActiveCfg = Release|x64
		{1D079D7F-9B1E-481F-8053-7350DBDEA40D}.Release|Any CPU.Build.0 = Release|x64
		{1D079D7F-9B1E-481F-8053-7350DBDEA40D}.Release|Any CPU.Deploy.0 = Release|x64
		{1D079D7F-9B1E-481F-8053-7350DBDEA40D}.Release|arm64.ActiveCfg = Release|arm64
		{1D079D7F-9B1E-481F-8053-7350DBDEA40D}.Release|arm64.Build.0 = Release|arm64
		{1D079D7F-9B1E-481F-8053-7350DBDEA40D}.Release|arm64.Deploy.0 = Release|arm64
		{1D079D7F-9B1E-481F-8053-7350DBDEA40D}.Release|x64.ActiveCfg = Release|x64
		{1D079D7F-9B1E-481F-8053-7350DBDEA40D}.Release|x64.Build.0 = Release|x64
		{1D079D7F-9B1E-481F-8053-7350DBDEA40D}.Release|x64.Deploy.0 = Release|x64
		{1D079D7F-9B1E-481F-8053-7350DBDEA40D}.Release|x86.ActiveCfg = Release|x86
		{1D079D7F-9B1E-481F-8053-7350DBDEA40D}.Release|x86.Build.0 = Release|x86
		{1D079D7F-9B1E-481F-8053-7350DBDEA40D}.Release|x86.Deploy.0 = Release|x86
		{CF20ADAB-0562-4C29-BA58-72B08052F637}.Debug|Any CPU.ActiveCfg = Debug|Any CPU
		{CF20ADAB-0562-4C29-BA58-72B08052F637}.Debug|Any CPU.Build.0 = Debug|Any CPU
		{CF20ADAB-0562-4C29-BA58-72B08052F637}.Debug|arm64.ActiveCfg = Debug|arm64
		{CF20ADAB-0562-4C29-BA58-72B08052F637}.Debug|arm64.Build.0 = Debug|arm64
		{CF20ADAB-0562-4C29-BA58-72B08052F637}.Debug|x64.ActiveCfg = Debug|x64
		{CF20ADAB-0562-4C29-BA58-72B08052F637}.Debug|x64.Build.0 = Debug|x64
		{CF20ADAB-0562-4C29-BA58-72B08052F637}.Debug|x86.ActiveCfg = Debug|x86
		{CF20ADAB-0562-4C29-BA58-72B08052F637}.Debug|x86.Build.0 = Debug|x86
		{CF20ADAB-0562-4C29-BA58-72B08052F637}.Release|Any CPU.ActiveCfg = Release|Any CPU
		{CF20ADAB-0562-4C29-BA58-72B08052F637}.Release|Any CPU.Build.0 = Release|Any CPU
		{CF20ADAB-0562-4C29-BA58-72B08052F637}.Release|arm64.ActiveCfg = Release|arm64
		{CF20ADAB-0562-4C29-BA58-72B08052F637}.Release|arm64.Build.0 = Release|arm64
		{CF20ADAB-0562-4C29-BA58-72B08052F637}.Release|x64.ActiveCfg = Release|x64
		{CF20ADAB-0562-4C29-BA58-72B08052F637}.Release|x64.Build.0 = Release|x64
		{CF20ADAB-0562-4C29-BA58-72B08052F637}.Release|x86.ActiveCfg = Release|x86
		{CF20ADAB-0562-4C29-BA58-72B08052F637}.Release|x86.Build.0 = Release|x86
		{29DBF1B8-D4E1-4CF7-8B18-4E733D1BC768}.Debug|Any CPU.ActiveCfg = Debug|Any CPU
		{29DBF1B8-D4E1-4CF7-8B18-4E733D1BC768}.Debug|Any CPU.Build.0 = Debug|Any CPU
		{29DBF1B8-D4E1-4CF7-8B18-4E733D1BC768}.Debug|arm64.ActiveCfg = Debug|Any CPU
		{29DBF1B8-D4E1-4CF7-8B18-4E733D1BC768}.Debug|arm64.Build.0 = Debug|Any CPU
		{29DBF1B8-D4E1-4CF7-8B18-4E733D1BC768}.Debug|x64.ActiveCfg = Debug|Any CPU
		{29DBF1B8-D4E1-4CF7-8B18-4E733D1BC768}.Debug|x64.Build.0 = Debug|Any CPU
		{29DBF1B8-D4E1-4CF7-8B18-4E733D1BC768}.Debug|x86.ActiveCfg = Debug|Any CPU
		{29DBF1B8-D4E1-4CF7-8B18-4E733D1BC768}.Debug|x86.Build.0 = Debug|Any CPU
		{29DBF1B8-D4E1-4CF7-8B18-4E733D1BC768}.Release|Any CPU.ActiveCfg = Release|Any CPU
		{29DBF1B8-D4E1-4CF7-8B18-4E733D1BC768}.Release|Any CPU.Build.0 = Release|Any CPU
		{29DBF1B8-D4E1-4CF7-8B18-4E733D1BC768}.Release|arm64.ActiveCfg = Release|Any CPU
		{29DBF1B8-D4E1-4CF7-8B18-4E733D1BC768}.Release|arm64.Build.0 = Release|Any CPU
		{29DBF1B8-D4E1-4CF7-8B18-4E733D1BC768}.Release|x64.ActiveCfg = Release|Any CPU
		{29DBF1B8-D4E1-4CF7-8B18-4E733D1BC768}.Release|x64.Build.0 = Release|Any CPU
		{29DBF1B8-D4E1-4CF7-8B18-4E733D1BC768}.Release|x86.ActiveCfg = Release|Any CPU
		{29DBF1B8-D4E1-4CF7-8B18-4E733D1BC768}.Release|x86.Build.0 = Release|Any CPU
	EndGlobalSection
	GlobalSection(SolutionProperties) = preSolution
		HideSolutionNode = FALSE
	EndGlobalSection
	GlobalSection(NestedProjects) = preSolution
		{29DBF1B8-D4E1-4CF7-8B18-4E733D1BC768} = {55F48EAE-0D43-4CE5-8376-2D616434D34D}
	EndGlobalSection
	GlobalSection(ExtensibilityGlobals) = postSolution
		SolutionGuid = {5C164AD5-A23B-44BB-88B2-63960D59D3B7}
	EndGlobalSection
EndGlobal
